
Microsoft Visual Studio Solution File, Format Version 12.00
# Visual Studio 15
VisualStudioVersion = 15.0.27428.2037
MinimumVisualStudioVersion = 10.0.40219.1
Project("{9A19103F-16F7-4668-BE54-9A1E7A4F7556}") = "ClassLibraryNetStandard", "ClassLibraryNetStandard\ClassLibraryNetStandard.csproj", "{3C15FEDB-898F-493B-B961-95FD201FA18B}"
EndProject
Project("{9A19103F-16F7-4668-BE54-9A1E7A4F7556}") = "MSTestsNetCore", "MSTestsNetCore\MSTestsNetCore.csproj", "{DC21F854-914D-46F7-9249-C30F04EA6E2D}"
EndProject
Project("{FAE04EC0-301F-11D3-BF4B-00C04F79EFBC}") = "MSTestsNetFramework", "MSTestsNetFramework\MSTestsNetFramework.csproj", "{91209429-910B-4EE4-B81F-5F95D51E224F}"
EndProject
Project("{9A19103F-16F7-4668-BE54-9A1E7A4F7556}") = "NUnitTestsNetCore", "NUnitTestsNetCore\NUnitTestsNetCore.csproj", "{5762F910-1688-42C1-AEDA-358638A3A5B6}"
EndProject
Project("{FAE04EC0-301F-11D3-BF4B-00C04F79EFBC}") = "NUnitTestsNetFramework", "NUnitTestsNetFramework\NUnitTestsNetFramework.csproj", "{B8752B30-B531-4459-A721-685CC8ACA09C}"
EndProject
Project("{9A19103F-16F7-4668-BE54-9A1E7A4F7556}") = "XUnitTestsNetCore", "XUnitTestsNetCore\XUnitTestsNetCore.csproj", "{E24B5A60-C956-49D8-BF04-34AEDA0FAB01}"
EndProject
Project("{FAE04EC0-301F-11D3-BF4B-00C04F79EFBC}") = "XUnitTestsNetFramework", "XUnitTestsNetFramework\XUnitTestsNetFramework.csproj", "{30B8C8D9-7B9C-467B-ADC1-BDF602E7D07A}"
EndProject
Global
	GlobalSection(SolutionConfigurationPlatforms) = preSolution
		Debug|Any CPU = Debug|Any CPU
		Release|Any CPU = Release|Any CPU
	EndGlobalSection
	GlobalSection(ProjectConfigurationPlatforms) = postSolution
		{3C15FEDB-898F-493B-B961-95FD201FA18B}.Debug|Any CPU.ActiveCfg = Debug|Any CPU
		{3C15FEDB-898F-493B-B961-95FD201FA18B}.Debug|Any CPU.Build.0 = Debug|Any CPU
		{3C15FEDB-898F-493B-B961-95FD201FA18B}.Release|Any CPU.ActiveCfg = Release|Any CPU
		{3C15FEDB-898F-493B-B961-95FD201FA18B}.Release|Any CPU.Build.0 = Release|Any CPU
		{DC21F854-914D-46F7-9249-C30F04EA6E2D}.Debug|Any CPU.ActiveCfg = Debug|Any CPU
		{DC21F854-914D-46F7-9249-C30F04EA6E2D}.Debug|Any CPU.Build.0 = Debug|Any CPU
		{DC21F854-914D-46F7-9249-C30F04EA6E2D}.Release|Any CPU.ActiveCfg = Release|Any CPU
		{DC21F854-914D-46F7-9249-C30F04EA6E2D}.Release|Any CPU.Build.0 = Release|Any CPU
		{91209429-910B-4EE4-B81F-5F95D51E224F}.Debug|Any CPU.ActiveCfg = Debug|Any CPU
		{91209429-910B-4EE4-B81F-5F95D51E224F}.Debug|Any CPU.Build.0 = Debug|Any CPU
		{91209429-910B-4EE4-B81F-5F95D51E224F}.Release|Any CPU.ActiveCfg = Release|Any CPU
		{91209429-910B-4EE4-B81F-5F95D51E224F}.Release|Any CPU.Build.0 = Release|Any CPU
		{5762F910-1688-42C1-AEDA-358638A3A5B6}.Debug|Any CPU.ActiveCfg = Debug|Any CPU
		{5762F910-1688-42C1-AEDA-358638A3A5B6}.Debug|Any CPU.Build.0 = Debug|Any CPU
		{5762F910-1688-42C1-AEDA-358638A3A5B6}.Release|Any CPU.ActiveCfg = Release|Any CPU
		{5762F910-1688-42C1-AEDA-358638A3A5B6}.Release|Any CPU.Build.0 = Release|Any CPU
		{B8752B30-B531-4459-A721-685CC8ACA09C}.Debug|Any CPU.ActiveCfg = Debug|Any CPU
		{B8752B30-B531-4459-A721-685CC8ACA09C}.Debug|Any CPU.Build.0 = Debug|Any CPU
		{B8752B30-B531-4459-A721-685CC8ACA09C}.Release|Any CPU.ActiveCfg = Release|Any CPU
		{B8752B30-B531-4459-A721-685CC8ACA09C}.Release|Any CPU.Build.0 = Release|Any CPU
		{E24B5A60-C956-49D8-BF04-34AEDA0FAB01}.Debug|Any CPU.ActiveCfg = Debug|Any CPU
		{E24B5A60-C956-49D8-BF04-34AEDA0FAB01}.Debug|Any CPU.Build.0 = Debug|Any CPU
		{E24B5A60-C956-49D8-BF04-34AEDA0FAB01}.Release|Any CPU.ActiveCfg = Release|Any CPU
		{E24B5A60-C956-49D8-BF04-34AEDA0FAB01}.Release|Any CPU.Build.0 = Release|Any CPU
		{30B8C8D9-7B9C-467B-ADC1-BDF602E7D07A}.Debug|Any CPU.ActiveCfg = Debug|Any CPU
		{30B8C8D9-7B9C-467B-ADC1-BDF602E7D07A}.Debug|Any CPU.Build.0 = Debug|Any CPU
		{30B8C8D9-7B9C-467B-ADC1-BDF602E7D07A}.Release|Any CPU.ActiveCfg = Release|Any CPU
		{30B8C8D9-7B9C-467B-ADC1-BDF602E7D07A}.Release|Any CPU.Build.0 = Release|Any CPU
	EndGlobalSection
	GlobalSection(SolutionProperties) = preSolution
		HideSolutionNode = FALSE
	EndGlobalSection
	GlobalSection(ExtensibilityGlobals) = postSolution
		SolutionGuid = {37E36647-E1BC-4BFC-A0D4-7F4126C66241}
	EndGlobalSection
EndGlobal
